
Microsoft Visual Studio Solution File, Format Version 12.00
# Visual Studio Version 16
VisualStudioVersion = 16.0.33027.164
MinimumVisualStudioVersion = 10.0.40219.1
Project("{FAE04EC0-301F-11D3-BF4B-00C04F79EFBC}") = "ClientePRJ", "ClientePRJ\ClientePRJ.csproj", "{3A71D08F-4370-4EBA-A6AF-0F53AA7A2231}"
EndProject
Global
	GlobalSection(SolutionConfigurationPlatforms) = preSolution
		Debug|Any CPU = Debug|Any CPU
		Release|Any CPU = Release|Any CPU
	EndGlobalSection
	GlobalSection(ProjectConfigurationPlatforms) = postSolution
		{3A71D08F-4370-4EBA-A6AF-0F53AA7A2231}.Debug|Any CPU.ActiveCfg = Debug|Any CPU
		{3A71D08F-4370-4EBA-A6AF-0F53AA7A2231}.Debug|Any CPU.Build.0 = Debug|Any CPU
		{3A71D08F-4370-4EBA-A6AF-0F53AA7A2231}.Release|Any CPU.ActiveCfg = Release|Any CPU
		{3A71D08F-4370-4EBA-A6AF-0F53AA7A2231}.Release|Any CPU.Build.0 = Release|Any CPU
	EndGlobalSection
	GlobalSection(SolutionProperties) = preSolution
		HideSolutionNode = FALSE
	EndGlobalSection
	GlobalSection(ExtensibilityGlobals) = postSolution
		SolutionGuid = {8FA163D9-4D5D-4FEE-A143-F0AC82CA210B}
	EndGlobalSection
	GlobalSection(TeamFoundationVersionControl) = preSolution
		SccNumberOfProjects = 2
		SccEnterpriseProvider = {4CA58AB2-18FA-4F8D-95D4-32DDF27D184C}
		SccTeamFoundationServer = https://dev.azure.com/davidmontalvo123
		SccLocalPath0 = .
		SccProjectUniqueName1 = ClientePRJ\\ClientePRJ.csproj
		SccProjectName1 = ClientePRJ
		SccLocalPath1 = ClientePRJ
	EndGlobalSection
EndGlobal
